{
  "version": 4,
  "terraform_version": "1.8.5",
  "serial": 4,
  "lineage": "f0e535a0-1908-4fce-de1b-2c50b957e819",
  "outputs": {},
  "resources": [
    {
      "mode": "managed",
      "type": "local_file",
      "name": "foo",
      "provider": "provider[\"registry.terraform.io/hashicorp/local\"]",
      "instances": [
        {
          "schema_version": 0,
          "attributes": {
            "content": "O valor que eu vou usar de maquina é Maquina1",
            "content_base64": null,
            "content_base64sha256": "3kKIoP+yy/QgG7CmiYnFSIm8bBh2dgxHBepUHJ68beY=",
            "content_base64sha512": "dWICjPuBaCRPiDB++NK5I7LzjGxAOHICoHmDVcIv1WewgUIQSz+gKr3RORmRL8qbJlfwWPPvA8sOzjDYa7+l1g==",
            "content_md5": "aa3e512414673311444f303cffc9d36d",
            "content_sha1": "1f34b59a6c483d73aee66a04c85495b4f81aeb8b",
            "content_sha256": "de4288a0ffb2cbf4201bb0a68989c54889bc6c1876760c4705ea541c9ebc6de6",
            "content_sha512": "7562028cfb8168244f88307ef8d2b923b2f38c6c40387202a0798355c22fd567b08142104b3fa02abdd13919912fca9b2657f058f3ef03cb0ece30d86bbfa5d6",
            "directory_permission": "0777",
            "file_permission": "0777",
            "filename": "./arquivo.txt",
            "id": "1f34b59a6c483d73aee66a04c85495b4f81aeb8b",
            "sensitive_content": null,
            "source": null
          },
          "sensitive_attributes": [
            [
              {
                "type": "get_attr",
                "value": "sensitive_content"
              }
            ]
          ]
        }
      ]
    }
  ],
  "check_results": null
}
